
Microsoft Visual Studio Solution File, Format Version 12.00
Project("{2150E333-8FDC-42A3-9474-1A3956D46DE8}") = "Src", "Src", "{07C0E427-87D2-41AD-8DDF-24F249EDFBA8}"
EndProject
Project("{2150E333-8FDC-42A3-9474-1A3956D46DE8}") = "ProjetoJudo.Domain", "ProjetoJudo.Domain", "{79D7BBF7-07B7-4351-8D82-32C06E635D11}"
EndProject
Project("{2150E333-8FDC-42A3-9474-1A3956D46DE8}") = "ProjetoJudo.Infra", "ProjetoJudo.Infra", "{54CBC45D-4CE7-415D-8662-8324BA26AB07}"
EndProject
Project("{2150E333-8FDC-42A3-9474-1A3956D46DE8}") = "ProjetoJudo.Application", "ProjetoJudo.Application", "{CD53535C-3BA9-4821-A33A-4BA4597C04D4}"
EndProject
Project("{FAE04EC0-301F-11D3-BF4B-00C04F79EFBC}") = "ProjetoJudo.Infra", "ProjetoJudo.Infra\ProjetoJudo.Infra.csproj", "{348E44E5-F6BF-4298-BE85-EE5D4043D9F2}"
EndProject
Project("{FAE04EC0-301F-11D3-BF4B-00C04F79EFBC}") = "ProjetoJudo.Domain", "ProjetoJudo.Domain\ProjetoJudo.Domain.csproj", "{07595BC5-C557-4565-B923-E2B0B835AA30}"
EndProject
Project("{FAE04EC0-301F-11D3-BF4B-00C04F79EFBC}") = "ProjetoJudo.Application", "ProjetoJudo.Application\ProjetoJudo.Application.csproj", "{8EB57B72-F9BC-47A1-942E-90A3DC15FBFB}"
EndProject
Project("{2150E333-8FDC-42A3-9474-1A3956D46DE8}") = "ProjetoJudo.Api", "ProjetoJudo.Api", "{347BA34E-1BB7-4A04-B4A0-E47507146172}"
EndProject
Project("{FAE04EC0-301F-11D3-BF4B-00C04F79EFBC}") = "ProjetoJudo.Api", "ProjetoJudo.Api\ProjetoJudo.Api.csproj", "{8776C928-11BF-48E3-B82C-68FDF9FC2FE5}"
EndProject
Global
	GlobalSection(SolutionConfigurationPlatforms) = preSolution
		Debug|Any CPU = Debug|Any CPU
		Release|Any CPU = Release|Any CPU
	EndGlobalSection
	GlobalSection(NestedProjects) = preSolution
		{79D7BBF7-07B7-4351-8D82-32C06E635D11} = {07C0E427-87D2-41AD-8DDF-24F249EDFBA8}
		{54CBC45D-4CE7-415D-8662-8324BA26AB07} = {07C0E427-87D2-41AD-8DDF-24F249EDFBA8}
		{CD53535C-3BA9-4821-A33A-4BA4597C04D4} = {07C0E427-87D2-41AD-8DDF-24F249EDFBA8}
		{348E44E5-F6BF-4298-BE85-EE5D4043D9F2} = {54CBC45D-4CE7-415D-8662-8324BA26AB07}
		{07595BC5-C557-4565-B923-E2B0B835AA30} = {79D7BBF7-07B7-4351-8D82-32C06E635D11}
		{8EB57B72-F9BC-47A1-942E-90A3DC15FBFB} = {CD53535C-3BA9-4821-A33A-4BA4597C04D4}
		{347BA34E-1BB7-4A04-B4A0-E47507146172} = {07C0E427-87D2-41AD-8DDF-24F249EDFBA8}
		{8776C928-11BF-48E3-B82C-68FDF9FC2FE5} = {347BA34E-1BB7-4A04-B4A0-E47507146172}
	EndGlobalSection
	GlobalSection(ProjectConfigurationPlatforms) = postSolution
		{348E44E5-F6BF-4298-BE85-EE5D4043D9F2}.Debug|Any CPU.ActiveCfg = Debug|Any CPU
		{348E44E5-F6BF-4298-BE85-EE5D4043D9F2}.Debug|Any CPU.Build.0 = Debug|Any CPU
		{348E44E5-F6BF-4298-BE85-EE5D4043D9F2}.Release|Any CPU.ActiveCfg = Release|Any CPU
		{348E44E5-F6BF-4298-BE85-EE5D4043D9F2}.Release|Any CPU.Build.0 = Release|Any CPU
		{07595BC5-C557-4565-B923-E2B0B835AA30}.Debug|Any CPU.ActiveCfg = Debug|Any CPU
		{07595BC5-C557-4565-B923-E2B0B835AA30}.Debug|Any CPU.Build.0 = Debug|Any CPU
		{07595BC5-C557-4565-B923-E2B0B835AA30}.Release|Any CPU.ActiveCfg = Release|Any CPU
		{07595BC5-C557-4565-B923-E2B0B835AA30}.Release|Any CPU.Build.0 = Release|Any CPU
		{8EB57B72-F9BC-47A1-942E-90A3DC15FBFB}.Debug|Any CPU.ActiveCfg = Debug|Any CPU
		{8EB57B72-F9BC-47A1-942E-90A3DC15FBFB}.Debug|Any CPU.Build.0 = Debug|Any CPU
		{8EB57B72-F9BC-47A1-942E-90A3DC15FBFB}.Release|Any CPU.ActiveCfg = Release|Any CPU
		{8EB57B72-F9BC-47A1-942E-90A3DC15FBFB}.Release|Any CPU.Build.0 = Release|Any CPU
		{8776C928-11BF-48E3-B82C-68FDF9FC2FE5}.Debug|Any CPU.ActiveCfg = Debug|Any CPU
		{8776C928-11BF-48E3-B82C-68FDF9FC2FE5}.Debug|Any CPU.Build.0 = Debug|Any CPU
		{8776C928-11BF-48E3-B82C-68FDF9FC2FE5}.Release|Any CPU.ActiveCfg = Release|Any CPU
		{8776C928-11BF-48E3-B82C-68FDF9FC2FE5}.Release|Any CPU.Build.0 = Release|Any CPU
	EndGlobalSection
EndGlobal
